
Microsoft Visual Studio Solution File, Format Version 12.00
# Visual Studio Version 16
VisualStudioVersion = 16.0.30309.148
MinimumVisualStudioVersion = 10.0.40219.1
Project("{FAE04EC0-301F-11D3-BF4B-00C04F79EFBC}") = "AmongUsDiscord", "AmongUsDiscord\AmongUsDiscord.csproj", "{12275603-4C52-441D-9C64-437FB2B36835}"
EndProject
Global
	GlobalSection(SolutionConfigurationPlatforms) = preSolution
		Debug|Any CPU = Debug|Any CPU
		Release|Any CPU = Release|Any CPU
	EndGlobalSection
	GlobalSection(ProjectConfigurationPlatforms) = postSolution
		{12275603-4C52-441D-9C64-437FB2B36835}.Debug|Any CPU.ActiveCfg = Debug|Any CPU
		{12275603-4C52-441D-9C64-437FB2B36835}.Debug|Any CPU.Build.0 = Debug|Any CPU
		{12275603-4C52-441D-9C64-437FB2B36835}.Release|Any CPU.ActiveCfg = Release|Any CPU
		{12275603-4C52-441D-9C64-437FB2B36835}.Release|Any CPU.Build.0 = Release|Any CPU
	EndGlobalSection
	GlobalSection(SolutionProperties) = preSolution
		HideSolutionNode = FALSE
	EndGlobalSection
	GlobalSection(ExtensibilityGlobals) = postSolution
		SolutionGuid = {C3FDE679-C1EF-4CEE-A6ED-A1FB91F697FC}
	EndGlobalSection
EndGlobal
